{
  "nodes": {
    "devenv": {
      "locked": {
        "dir": "src/modules",
        "lastModified": 1786123539,
        "narHash": "sha256-vKK7JK4WJ92UQUekQ96OilOdY0Rr7A5X+UcAb7ZvDoA=",
        "owner": "cachix",
        "repo": "devenv",
        "rev": "34a93eec7e71e64e9da1819a684d12f92331d638",
        "type": "github"
      },
      "original": {
        "dir": "src/modules",
        "owner": "cachix",
        "repo": "devenv",
        "type": "github"
      }
    },
    "flake-compat": {
      "flake": false,
      "locked": {
        "lastModified": 1767039857,
        "narHash": "sha256-vNpUSpF5Nuw8xvDLj2KCwwksIbjua2LZCqhV1LNRDns=",
        "owner": "NixOS",
        "repo": "flake-compat",
        "rev": "5edf11c44bc78a0d334f6334cdaf7d60d732daab",
        "type": "github"
      },
      "original": {
        "owner": "NixOS",
        "repo": "flake-compat",
        "type": "github"
      }
    },
    "git-hooks": {
      "inputs": {
        "flake-compat": "flake-compat",
        "nixpkgs": [
          "nixpkgs"
        ]
      },
      "locked": {
        "lastModified": 1784288435,
        "narHash": "sha256-ReRHaLgr/uVqdD8afFSn+myXIfpHeOhP0yYe0TJqAA8=",
        "owner": "cachix",
        "repo": "git-hooks.nix",
        "rev": "43b3c1ab9d40fb1dbb008f451988a91e375825e9",
        "type": "github"
      },
      "original": {
        "owner": "cachix",
        "repo": "git-hooks.nix",
        "type": "github"
      }
    },
    "nixpkgs": {
      "inputs": {
        "nixpkgs-src": "nixpkgs-src"
      },
      "locked": {
        "lastModified": 1785855293,
        "narHash": "sha256-oFTyNNuuFPL6KXd1D0w4K+IHmKIiXtCMdlnoc9vXkTk=",
        "owner": "cachix",
        "repo": "devenv-nixpkgs",
        "rev": "6d5d03d1dfd5f530a098832d0f5433479b576278",
        "type": "github"
      },
      "original": {
        "owner": "cachix",
        "ref": "rolling",
        "repo": "devenv-nixpkgs",
        "type": "github"
      }
    },
    "nixpkgs-src": {
      "flake": false,
      "locked": {
        "lastModified": 1785715447,
        "narHash": "sha256-4K0IGmbAOJnd/Hx2+CNEvx3ECrtYnsoaf4grI6gvZ/Q=",
        "owner": "NixOS",
        "repo": "nixpkgs",
        "rev": "243895692ae2a2fbd08a05141462c0cc0d3ca10f",
        "type": "github"
      },
      "original": {
        "owner": "NixOS",
        "ref": "nixpkgs-unstable",
        "repo": "nixpkgs",
        "type": "github"
      }
    },
    "root": {
      "inputs": {
        "devenv": "devenv",
        "git-hooks": "git-hooks",
        "nixpkgs": "nixpkgs",
        "rust-overlay": "rust-overlay"
      }
    },
    "rust-overlay": {
      "inputs": {
        "nixpkgs": [
          "nixpkgs"
        ]
      },
      "locked": {
        "lastModified": 1786247265,
        "narHash": "sha256-cVTcTqAhzSNMOVddtBhFpuv+Vx6/SgrhgZWJiI61H24=",
        "owner": "oxalica",
        "repo": "rust-overlay",
        "rev": "6df7076ea0f5697e3242719a4c71211f00411cf5",
        "type": "github"
      },
      "original": {
        "owner": "oxalica",
        "repo": "rust-overlay",
        "type": "github"
      }
    }
  },
  "root": "root",
  "version": 7
}