# This file is automatically @generated by Cargo.
# It is not intended for manual editing.
version = 4

[[package]]
name = "anyhow"
version = "1.0.103"
source = "registry+https://github.com/rust-lang/crates.io-index"
checksum = "2a4385e2e34eb35d6b3efe798b9eb88096925d87726c0798709bf56d9ed84af3"

[[package]]
name = "approx"
version = "0.5.1"
source = "registry+https://github.com/rust-lang/crates.io-index"
checksum = "cab112f0a86d568ea0e627cc1d6be74a1e9cd55214684db5561995f6dad897c6"
dependencies = [
 "num-traits",
]

[[package]]
name = "autocfg"
version = "1.5.1"
source = "registry+https://github.com/rust-lang/crates.io-index"
checksum = "f2032f911046de80f0a198e0901378627c33f59ea0ac00e363d481118bd70a53"

[[package]]
name = "basin"
version = "1.4.0"
source = "registry+https://github.com/rust-lang/crates.io-index"
checksum = "a0dbb8f846441e3d0ef60f7c59034447f94702f3386d76c2ecf6cbdaea7a1b2f"
dependencies = [
 "nalgebra",
 "nalgebra-sparse",
 "num-traits",
 "rand",
 "rand_chacha",
 "rand_distr",
 "web-time",
]

[[package]]
name = "bumpalo"
version = "3.20.3"
source = "registry+https://github.com/rust-lang/crates.io-index"
checksum = "72f5acc6cb2ba439de613abc23857ec3d78374d8ed5ac84e9d11336e87da8649"

[[package]]
name = "bytemuck"
version = "1.25.0"
source = "registry+https://github.com/rust-lang/crates.io-index"
checksum = "c8efb64bd706a16a1bdde310ae86b351e4d21550d98d056f22f8a7f7a2183fec"

[[package]]
name = "cfg-if"
version = "1.0.4"
source = "registry+https://github.com/rust-lang/crates.io-index"
checksum = "9330f8b2ff13f34540b44e946ef35111825727b38d33286ef986142615121801"

[[package]]
name = "chacha20"
version = "0.10.1"
source = "registry+https://github.com/rust-lang/crates.io-index"
checksum = "d524456ba66e72eb8b115ff89e01e497f8e6d11d78b70b1aa13c0fbd97540a81"
dependencies = [
 "cfg-if",
 "cpufeatures",
 "rand_core",
]

[[package]]
name = "cpufeatures"
version = "0.3.0"
source = "registry+https://github.com/rust-lang/crates.io-index"
checksum = "8b2a41393f66f16b0823bb79094d54ac5fbd34ab292ddafb9a0456ac9f87d201"
dependencies = [
 "libc",
]

[[package]]
name = "crossbeam-deque"
version = "0.8.6"
source = "registry+https://github.com/rust-lang/crates.io-index"
checksum = "9dd111b7b7f7d55b72c0a6ae361660ee5853c9af73f70c3c2ef6858b950e2e51"
dependencies = [
 "crossbeam-epoch",
 "crossbeam-utils",
]

[[package]]
name = "crossbeam-epoch"
version = "0.9.18"
source = "registry+https://github.com/rust-lang/crates.io-index"
checksum = "5b82ac4a3c2ca9c3460964f020e1402edd5753411d7737aa39c3714ad1b5420e"
dependencies = [
 "crossbeam-utils",
]

[[package]]
name = "crossbeam-utils"
version = "0.8.21"
source = "registry+https://github.com/rust-lang/crates.io-index"
checksum = "d0a5c400df2834b80a4c3327b3aad3a4c4cd4de0629063962b03235697506a28"

[[package]]
name = "either"
version = "1.16.0"
source = "registry+https://github.com/rust-lang/crates.io-index"
checksum = "91622ff5e7162018101f2fea40d6ebf4a78bbe5a49736a2020649edf9693679e"

[[package]]
name = "eulerr"
version = "0.0.0"
dependencies = [
 "eunoia",
 "extendr-api",
]

[[package]]
name = "eunoia"
version = "1.6.0"
source = "registry+https://github.com/rust-lang/crates.io-index"
checksum = "dbe7a7703c3733ec4a75b38838ef8c17177fd6a6d954759aa94d1c513955ec0d"
dependencies = [
 "basin",
 "finitediff",
 "getrandom",
 "i_overlay",
 "log",
 "nalgebra",
 "num-complex",
 "rand",
 "rayon",
]

[[package]]
name = "extendr-api"
version = "0.9.0"
source = "registry+https://github.com/rust-lang/crates.io-index"
checksum = "803569de0d273b4bf281871046a7d63a23cc12776bdb5b63de5c1e81aae30728"
dependencies = [
 "extendr-ffi",
 "extendr-macros",
 "once_cell",
 "paste",
 "readonly",
]

[[package]]
name = "extendr-ffi"
version = "0.9.0"
source = "registry+https://github.com/rust-lang/crates.io-index"
checksum = "5ba82ddd48e85202654997b81e4b1d39c0c54b5dcd7cae92705f807bf528efcf"

[[package]]
name = "extendr-macros"
version = "0.9.0"
source = "registry+https://github.com/rust-lang/crates.io-index"
checksum = "ba8fad8d2a0d0651b1947042cf3a8beddc73d39cec3485b200fdfd24cb3bb6aa"
dependencies = [
 "lazy_static",
 "proc-macro2",
 "quote",
 "syn",
]

[[package]]
name = "finitediff"
version = "0.2.0"
source = "registry+https://github.com/rust-lang/crates.io-index"
checksum = "fb08005ceda20e36d233b60fe476059cc9efe6ebd125f3a72b69729dbae0e794"
dependencies = [
 "anyhow",
 "num",
]

[[package]]
name = "futures-core"
version = "0.3.32"
source = "registry+https://github.com/rust-lang/crates.io-index"
checksum = "7e3450815272ef58cec6d564423f6e755e25379b217b0bc688e295ba24df6b1d"

[[package]]
name = "futures-task"
version = "0.3.32"
source = "registry+https://github.com/rust-lang/crates.io-index"
checksum = "037711b3d59c33004d3856fbdc83b99d4ff37a24768fa1be9ce3538a1cde4393"

[[package]]
name = "futures-util"
version = "0.3.32"
source = "registry+https://github.com/rust-lang/crates.io-index"
checksum = "389ca41296e6190b48053de0321d02a77f32f8a5d2461dd38762c0593805c6d6"
dependencies = [
 "futures-core",
 "futures-task",
 "pin-project-lite",
 "slab",
]

[[package]]
name = "getrandom"
version = "0.4.3"
source = "registry+https://github.com/rust-lang/crates.io-index"
checksum = "300e883d756b2e4ec94e02791f39b04b522276138852cfc41d9fb7e904106099"
dependencies = [
 "cfg-if",
 "js-sys",
 "libc",
 "r-efi",
 "rand_core",
 "wasm-bindgen",
]

[[package]]
name = "glam"
version = "0.14.0"
source = "registry+https://github.com/rust-lang/crates.io-index"
checksum = "333928d5eb103c5d4050533cec0384302db6be8ef7d3cebd30ec6a35350353da"

[[package]]
name = "glam"
version = "0.15.2"
source = "registry+https://github.com/rust-lang/crates.io-index"
checksum = "3abb554f8ee44336b72d522e0a7fe86a29e09f839a36022fa869a7dfe941a54b"

[[package]]
name = "glam"
version = "0.16.0"
source = "registry+https://github.com/rust-lang/crates.io-index"
checksum = "4126c0479ccf7e8664c36a2d719f5f2c140fbb4f9090008098d2c291fa5b3f16"

[[package]]
name = "glam"
version = "0.17.3"
source = "registry+https://github.com/rust-lang/crates.io-index"
checksum = "e01732b97afd8508eee3333a541b9f7610f454bb818669e66e90f5f57c93a776"

[[package]]
name = "glam"
version = "0.18.0"
source = "registry+https://github.com/rust-lang/crates.io-index"
checksum = "525a3e490ba77b8e326fb67d4b44b4bd2f920f44d4cc73ccec50adc68e3bee34"

[[package]]
name = "glam"
version = "0.19.0"
source = "registry+https://github.com/rust-lang/crates.io-index"
checksum = "2b8509e6791516e81c1a630d0bd7fbac36d2fa8712a9da8662e716b52d5051ca"

[[package]]
name = "glam"
version = "0.20.5"
source = "registry+https://github.com/rust-lang/crates.io-index"
checksum = "f43e957e744be03f5801a55472f593d43fabdebf25a4585db250f04d86b1675f"

[[package]]
name = "glam"
version = "0.21.3"
source = "registry+https://github.com/rust-lang/crates.io-index"
checksum = "518faa5064866338b013ff9b2350dc318e14cc4fcd6cb8206d7e7c9886c98815"

[[package]]
name = "glam"
version = "0.22.0"
source = "registry+https://github.com/rust-lang/crates.io-index"
checksum = "12f597d56c1bd55a811a1be189459e8fad2bbc272616375602443bdfb37fa774"

[[package]]
name = "glam"
version = "0.23.0"
source = "registry+https://github.com/rust-lang/crates.io-index"
checksum = "8e4afd9ad95555081e109fe1d21f2a30c691b5f0919c67dfa690a2e1eb6bd51c"

[[package]]
name = "glam"
version = "0.24.2"
source = "registry+https://github.com/rust-lang/crates.io-index"
checksum = "b5418c17512bdf42730f9032c74e1ae39afc408745ebb2acf72fbc4691c17945"

[[package]]
name = "glam"
version = "0.25.0"
source = "registry+https://github.com/rust-lang/crates.io-index"
checksum = "151665d9be52f9bb40fc7966565d39666f2d1e69233571b71b87791c7e0528b3"

[[package]]
name = "glam"
version = "0.27.0"
source = "registry+https://github.com/rust-lang/crates.io-index"
checksum = "9e05e7e6723e3455f4818c7b26e855439f7546cf617ef669d1adedb8669e5cb9"

[[package]]
name = "glam"
version = "0.28.0"
source = "registry+https://github.com/rust-lang/crates.io-index"
checksum = "779ae4bf7e8421cf91c0b3b64e7e8b40b862fba4d393f59150042de7c4965a94"

[[package]]
name = "glam"
version = "0.29.3"
source = "registry+https://github.com/rust-lang/crates.io-index"
checksum = "8babf46d4c1c9d92deac9f7be466f76dfc4482b6452fc5024b5e8daf6ffeb3ee"

[[package]]
name = "glam"
version = "0.30.10"
source = "registry+https://github.com/rust-lang/crates.io-index"
checksum = "19fc433e8437a212d1b6f1e68c7824af3aed907da60afa994e7f542d18d12aa9"

[[package]]
name = "glam"
version = "0.31.1"
source = "registry+https://github.com/rust-lang/crates.io-index"
checksum = "556f6b2ea90b8d15a74e0e7bb41671c9bdf38cd9f78c284d750b9ce58a2b5be7"

[[package]]
name = "glam"
version = "0.32.1"
source = "registry+https://github.com/rust-lang/crates.io-index"
checksum = "f70749695b063ecbf6b62949ccccde2e733ec3ecbbd71d467dca4e5c6c97cca0"

[[package]]
name = "i_float"
version = "3.0.0"
source = "registry+https://github.com/rust-lang/crates.io-index"
checksum = "519b2780a1187eeed09145e5d168863c87f0d704abe84084206ebd897f99c6dc"
dependencies = [
 "libm",
]

[[package]]
name = "i_key_sort"
version = "0.10.3"
source = "registry+https://github.com/rust-lang/crates.io-index"
checksum = "d73d122b937fca067feb0ad74f62388920272b27c356d4df2d0cfdd59e044cf0"

[[package]]
name = "i_overlay"
version = "7.0.2"
source = "registry+https://github.com/rust-lang/crates.io-index"
checksum = "bf284de04038af713dad8b4a88d2bc97f1c8c0a87fc1f43e28e3b965d0136d9e"
dependencies = [
 "i_float",
 "i_key_sort",
 "i_shape",
 "i_tree",
]

[[package]]
name = "i_shape"
version = "3.0.0"
source = "registry+https://github.com/rust-lang/crates.io-index"
checksum = "90b2ee7bae072887c579a2f2fd2a7fa1c29cceecfae1998ef940061c5570afff"
dependencies = [
 "i_float",
]

[[package]]
name = "i_tree"
version = "0.19.0"
source = "registry+https://github.com/rust-lang/crates.io-index"
checksum = "1e9d4a992a9fe83130f41ceacceac3bb116a4355dfc9c8d6ecea4f1e4b4c6caf"

[[package]]
name = "js-sys"
version = "0.3.103"
source = "registry+https://github.com/rust-lang/crates.io-index"
checksum = "53b44bfcdb3f8d5837a46dae1ca9660a837176eee74a28b229bc626816589102"
dependencies = [
 "cfg-if",
 "futures-util",
 "wasm-bindgen",
]

[[package]]
name = "lazy_static"
version = "1.5.0"
source = "registry+https://github.com/rust-lang/crates.io-index"
checksum = "bbd2bcb4c963f2ddae06a2efc7e9f3591312473c50c6685e1f298068316e66fe"

[[package]]
name = "libc"
version = "0.2.186"
source = "registry+https://github.com/rust-lang/crates.io-index"
checksum = "68ab91017fe16c622486840e4c83c9a37afeff978bd239b5293d61ece587de66"

[[package]]
name = "libm"
version = "0.2.16"
source = "registry+https://github.com/rust-lang/crates.io-index"
checksum = "b6d2cec3eae94f9f509c767b45932f1ada8350c4bdb85af2fcab4a3c14807981"

[[package]]
name = "log"
version = "0.4.33"
source = "registry+https://github.com/rust-lang/crates.io-index"
checksum = "0ceec5bc11778974d1bcb055b18002eba7f4b3518b6a0081b3af5f21666da9ad"

[[package]]
name = "matrixmultiply"
version = "0.3.10"
source = "registry+https://github.com/rust-lang/crates.io-index"
checksum = "a06de3016e9fae57a36fd14dba131fccf49f74b40b7fbdb472f96e361ec71a08"
dependencies = [
 "autocfg",
 "rawpointer",
]

[[package]]
name = "nalgebra"
version = "0.34.2"
source = "registry+https://github.com/rust-lang/crates.io-index"
checksum = "df76ea0ff5c7e6b88689085804d6132ded0ddb9de5ca5b8aeb9eeadc0508a70a"
dependencies = [
 "approx",
 "glam 0.14.0",
 "glam 0.15.2",
 "glam 0.16.0",
 "glam 0.17.3",
 "glam 0.18.0",
 "glam 0.19.0",
 "glam 0.20.5",
 "glam 0.21.3",
 "glam 0.22.0",
 "glam 0.23.0",
 "glam 0.24.2",
 "glam 0.25.0",
 "glam 0.27.0",
 "glam 0.28.0",
 "glam 0.29.3",
 "glam 0.30.10",
 "glam 0.31.1",
 "glam 0.32.1",
 "matrixmultiply",
 "nalgebra-macros",
 "num-complex",
 "num-rational",
 "num-traits",
 "simba",
 "typenum",
]

[[package]]
name = "nalgebra-macros"
version = "0.3.0"
source = "registry+https://github.com/rust-lang/crates.io-index"
checksum = "973e7178a678cfd059ccec50887658d482ce16b0aa9da3888ddeab5cd5eb4889"
dependencies = [
 "proc-macro2",
 "quote",
 "syn",
]

[[package]]
name = "nalgebra-sparse"
version = "0.11.0"
source = "registry+https://github.com/rust-lang/crates.io-index"
checksum = "df054d7815152d4e66955fc59a1f97f4036e5103134a381b6b54ec55babfa6b7"
dependencies = [
 "nalgebra",
 "num-traits",
]

[[package]]
name = "num"
version = "0.4.3"
source = "registry+https://github.com/rust-lang/crates.io-index"
checksum = "35bd024e8b2ff75562e5f34e7f4905839deb4b22955ef5e73d2fea1b9813cb23"
dependencies = [
 "num-bigint",
 "num-complex",
 "num-integer",
 "num-iter",
 "num-rational",
 "num-traits",
]

[[package]]
name = "num-bigint"
version = "0.4.6"
source = "registry+https://github.com/rust-lang/crates.io-index"
checksum = "a5e44f723f1133c9deac646763579fdb3ac745e418f2a7af9cd0c431da1f20b9"
dependencies = [
 "num-integer",
 "num-traits",
]

[[package]]
name = "num-complex"
version = "0.4.6"
source = "registry+https://github.com/rust-lang/crates.io-index"
checksum = "73f88a1307638156682bada9d7604135552957b7818057dcef22705b4d509495"
dependencies = [
 "num-traits",
]

[[package]]
name = "num-integer"
version = "0.1.46"
source = "registry+https://github.com/rust-lang/crates.io-index"
checksum = "7969661fd2958a5cb096e56c8e1ad0444ac2bbcd0061bd28660485a44879858f"
dependencies = [
 "num-traits",
]

[[package]]
name = "num-iter"
version = "0.1.45"
source = "registry+https://github.com/rust-lang/crates.io-index"
checksum = "1429034a0490724d0075ebb2bc9e875d6503c3cf69e235a8941aa757d83ef5bf"
dependencies = [
 "autocfg",
 "num-integer",
 "num-traits",
]

[[package]]
name = "num-rational"
version = "0.4.2"
source = "registry+https://github.com/rust-lang/crates.io-index"
checksum = "f83d14da390562dca69fc84082e73e548e1ad308d24accdedd2720017cb37824"
dependencies = [
 "num-bigint",
 "num-integer",
 "num-traits",
]

[[package]]
name = "num-traits"
version = "0.2.19"
source = "registry+https://github.com/rust-lang/crates.io-index"
checksum = "071dfc062690e90b734c0b2273ce72ad0ffa95f0c74596bc250dcfd960262841"
dependencies = [
 "autocfg",
 "libm",
]

[[package]]
name = "once_cell"
version = "1.21.4"
source = "registry+https://github.com/rust-lang/crates.io-index"
checksum = "9f7c3e4beb33f85d45ae3e3a1792185706c8e16d043238c593331cc7cd313b50"

[[package]]
name = "paste"
version = "1.0.15"
source = "registry+https://github.com/rust-lang/crates.io-index"
checksum = "57c0d7b74b563b49d38dae00a0c37d4d6de9b432382b2892f0574ddcae73fd0a"

[[package]]
name = "pin-project-lite"
version = "0.2.17"
source = "registry+https://github.com/rust-lang/crates.io-index"
checksum = "a89322df9ebe1c1578d689c92318e070967d1042b512afbe49518723f4e6d5cd"

[[package]]
name = "ppv-lite86"
version = "0.2.21"
source = "registry+https://github.com/rust-lang/crates.io-index"
checksum = "85eae3c4ed2f50dcfe72643da4befc30deadb458a9b590d720cde2f2b1e97da9"
dependencies = [
 "zerocopy",
]

[[package]]
name = "proc-macro2"
version = "1.0.106"
source = "registry+https://github.com/rust-lang/crates.io-index"
checksum = "8fd00f0bb2e90d81d1044c2b32617f68fcb9fa3bb7640c23e9c748e53fb30934"
dependencies = [
 "unicode-ident",
]

[[package]]
name = "quote"
version = "1.0.46"
source = "registry+https://github.com/rust-lang/crates.io-index"
checksum = "dfbc457d0c7a0759a614551b11a6409e5951f6c7537be1f1b7682b9ae9230368"
dependencies = [
 "proc-macro2",
]

[[package]]
name = "r-efi"
version = "6.0.0"
source = "registry+https://github.com/rust-lang/crates.io-index"
checksum = "f8dcc9c7d52a811697d2151c701e0d08956f92b0e24136cf4cf27b57a6a0d9bf"

[[package]]
name = "rand"
version = "0.10.1"
source = "registry+https://github.com/rust-lang/crates.io-index"
checksum = "d2e8e8bcc7961af1fdac401278c6a831614941f6164ee3bf4ce61b7edb162207"
dependencies = [
 "chacha20",
 "getrandom",
 "rand_core",
]

[[package]]
name = "rand_chacha"
version = "0.10.0"
source = "registry+https://github.com/rust-lang/crates.io-index"
checksum = "3e6af7f3e25ded52c41df4e0b1af2d047e45896c2f3281792ed68a1c243daedb"
dependencies = [
 "ppv-lite86",
 "rand_core",
]

[[package]]
name = "rand_core"
version = "0.10.1"
source = "registry+https://github.com/rust-lang/crates.io-index"
checksum = "63b8176103e19a2643978565ca18b50549f6101881c443590420e4dc998a3c69"

[[package]]
name = "rand_distr"
version = "0.6.0"
source = "registry+https://github.com/rust-lang/crates.io-index"
checksum = "4d431c2703ccf129de4d45253c03f49ebb22b97d6ad79ee3ecfc7e3f4862c1d8"
dependencies = [
 "num-traits",
 "rand",
]

[[package]]
name = "rawpointer"
version = "0.2.1"
source = "registry+https://github.com/rust-lang/crates.io-index"
checksum = "60a357793950651c4ed0f3f52338f53b2f809f32d83a07f72909fa13e4c6c1e3"

[[package]]
name = "rayon"
version = "1.12.0"
source = "registry+https://github.com/rust-lang/crates.io-index"
checksum = "fb39b166781f92d482534ef4b4b1b2568f42613b53e5b6c160e24cfbfa30926d"
dependencies = [
 "either",
 "rayon-core",
]

[[package]]
name = "rayon-core"
version = "1.13.0"
source = "registry+https://github.com/rust-lang/crates.io-index"
checksum = "22e18b0f0062d30d4230b2e85ff77fdfe4326feb054b9783a3460d8435c8ab91"
dependencies = [
 "crossbeam-deque",
 "crossbeam-utils",
]

[[package]]
name = "readonly"
version = "0.2.13"
source = "registry+https://github.com/rust-lang/crates.io-index"
checksum = "f2a62d85ed81ca5305dc544bd42c8804c5060b78ffa5ad3c64b0fb6a8c13d062"
dependencies = [
 "proc-macro2",
 "quote",
 "syn",
]

[[package]]
name = "rustversion"
version = "1.0.22"
source = "registry+https://github.com/rust-lang/crates.io-index"
checksum = "b39cdef0fa800fc44525c84ccb54a029961a8215f9619753635a9c0d2538d46d"

[[package]]
name = "safe_arch"
version = "0.7.4"
source = "registry+https://github.com/rust-lang/crates.io-index"
checksum = "96b02de82ddbe1b636e6170c21be622223aea188ef2e139be0a5b219ec215323"
dependencies = [
 "bytemuck",
]

[[package]]
name = "simba"
version = "0.9.1"
source = "registry+https://github.com/rust-lang/crates.io-index"
checksum = "c99284beb21666094ba2b75bbceda012e610f5479dfcc2d6e2426f53197ffd95"
dependencies = [
 "approx",
 "num-complex",
 "num-traits",
 "paste",
 "wide",
]

[[package]]
name = "slab"
version = "0.4.12"
source = "registry+https://github.com/rust-lang/crates.io-index"
checksum = "0c790de23124f9ab44544d7ac05d60440adc586479ce501c1d6d7da3cd8c9cf5"

[[package]]
name = "syn"
version = "2.0.118"
source = "registry+https://github.com/rust-lang/crates.io-index"
checksum = "1b9ae57f904213ebb649ce6895b8a66c66f0203b9319718f69a5612a065b1422"
dependencies = [
 "proc-macro2",
 "quote",
 "unicode-ident",
]

[[package]]
name = "typenum"
version = "1.20.1"
source = "registry+https://github.com/rust-lang/crates.io-index"
checksum = "b6f5e870be6c3b371b77fe0ee0bafb859fa4964b4404c27de1d380043c4dda20"

[[package]]
name = "unicode-ident"
version = "1.0.24"
source = "registry+https://github.com/rust-lang/crates.io-index"
checksum = "e6e4313cd5fcd3dad5cafa179702e2b244f760991f45397d14d4ebf38247da75"

[[package]]
name = "wasm-bindgen"
version = "0.2.126"
source = "registry+https://github.com/rust-lang/crates.io-index"
checksum = "4b067c0c11094aef6b7a801c1e34a26affafdf3d051dba08456b868789aaf9a4"
dependencies = [
 "cfg-if",
 "once_cell",
 "rustversion",
 "wasm-bindgen-macro",
 "wasm-bindgen-shared",
]

[[package]]
name = "wasm-bindgen-macro"
version = "0.2.126"
source = "registry+https://github.com/rust-lang/crates.io-index"
checksum = "167ce5e579f6bcf889c4f7175a8a5a585de84e8ff93976ce393efa5f2837aab1"
dependencies = [
 "quote",
 "wasm-bindgen-macro-support",
]

[[package]]
name = "wasm-bindgen-macro-support"
version = "0.2.126"
source = "registry+https://github.com/rust-lang/crates.io-index"
checksum = "f3997c7839262f4ef12cf90b818d6340c18e80f263f1a94bf157d0ec4420380e"
dependencies = [
 "bumpalo",
 "proc-macro2",
 "quote",
 "syn",
 "wasm-bindgen-shared",
]

[[package]]
name = "wasm-bindgen-shared"
version = "0.2.126"
source = "registry+https://github.com/rust-lang/crates.io-index"
checksum = "dc1b4cb0cc549fcf58d7dfc081778139b3d283a081644e833e84682ad71cea24"
dependencies = [
 "unicode-ident",
]

[[package]]
name = "web-time"
version = "1.1.0"
source = "registry+https://github.com/rust-lang/crates.io-index"
checksum = "5a6580f308b1fad9207618087a65c04e7a10bc77e02c8e84e9b00dd4b12fa0bb"
dependencies = [
 "js-sys",
 "wasm-bindgen",
]

[[package]]
name = "wide"
version = "0.7.33"
source = "registry+https://github.com/rust-lang/crates.io-index"
checksum = "0ce5da8ecb62bcd8ec8b7ea19f69a51275e91299be594ea5cc6ef7819e16cd03"
dependencies = [
 "bytemuck",
 "safe_arch",
]

[[package]]
name = "zerocopy"
version = "0.8.52"
source = "registry+https://github.com/rust-lang/crates.io-index"
checksum = "ce1022995ff5ff5d841ad7d994facc23098cd40152f2c1d11cd607c6f530653f"
dependencies = [
 "zerocopy-derive",
]

[[package]]
name = "zerocopy-derive"
version = "0.8.52"
source = "registry+https://github.com/rust-lang/crates.io-index"
checksum = "1ae7f38b72ec2a254e2b87ef277cf2cd4fb97cbebf944faa6f33354da0867930"
dependencies = [
 "proc-macro2",
 "quote",
 "syn",
]
